
Microsoft Visual Studio Solution File, Format Version 12.00
# Visual Studio Version 17
VisualStudioVersion = 17.13.35913.81
MinimumVisualStudioVersion = 10.0.40219.1
Project("{FAE04EC0-301F-11D3-BF4B-00C04F79EFBC}") = "LibraryAPI", "BibliotecaAPI\LibraryAPI.csproj", "{2E777501-29F5-4088-8DD0-B796A98F67A5}"
EndProject
Global
	GlobalSection(SolutionConfigurationPlatforms) = preSolution
		Debug|Any CPU = Debug|Any CPU
		Release|Any CPU = Release|Any CPU
	EndGlobalSection
	GlobalSection(ProjectConfigurationPlatforms) = postSolution
		{2E777501-29F5-4088-8DD0-B796A98F67A5}.Debug|Any CPU.ActiveCfg = Debug|Any CPU
		{2E777501-29F5-4088-8DD0-B796A98F67A5}.Debug|Any CPU.Build.0 = Debug|Any CPU
		{2E777501-29F5-4088-8DD0-B796A98F67A5}.Release|Any CPU.ActiveCfg = Release|Any CPU
		{2E777501-29F5-4088-8DD0-B796A98F67A5}.Release|Any CPU.Build.0 = Release|Any CPU
	EndGlobalSection
	GlobalSection(SolutionProperties) = preSolution
		HideSolutionNode = FALSE
	EndGlobalSection
	GlobalSection(ExtensibilityGlobals) = postSolution
		SolutionGuid = {90527EAE-F6EB-4877-97DC-D50543EB7C70}
	EndGlobalSection
EndGlobal
